github.com/Microsoft/go-winio v0.5.0 h1:Elr9Wn+sGKPlkaBvwu4mTrxtmOp3F3yV9qhaHbXGjwU=
github.com/Microsoft/go-winio v0.5.0/go.mod h1:JPGBdM1cNvN/6ISo+n8V5iA4v8pBzdOpzfwIujj1a84=
github.com/aead/chacha20 v0.0.0-20180709150244-8b13a72661da h1:KjTM2ks9d14ZYCvmHS9iAKVt9AyzRSqNU1qabPih5BY=
github.com/aead/chacha20 v0.0.0-20180709150244-8b13a72661da/go.mod h1:eHEWzANqSiWQsof+nXEI9bUVUyV6F53Fp89EuCh2EAA=
github.com/davecgh/go-spew v1.1.1/go.mod h1:J7Y8YcW2NihsgmVo/mv3lAwl/skON4iLHjSsI+c5H38=
github.com/pkg/errors v0.9.1/go.mod h1:bwawxfHBFNV+L2hUp1rHADufV3IMtnDRdf1r5NINEl0=
github.com/pmezard/go-difflib v1.0.0/go.mod h1:iKH77koFhYxTK1pcRnkKkqfTogsbg7gZNVY4sRDYZ/4=
github.com/sirupsen/logrus v1.7.0/go.mod h1:yWOB1SBYBC5VeMP7gHvWumXLIWorT60ONWic61uBYv0=
github.com/spf13/pflag v1.0.5 h1:iy+VFUOCP1a+8yFto/drg2CJ5u0yRoB7fZw3DKv/JXA=
github.com/spf13/pflag v1.0.5/go.mod h1:McXfInJRrz4CZXVZOBLb0bTZqETkiAhM9Iw0y3An2Bg=
github.com/stretchr/testify v1.2.2/go.mod h1:a8OnRcib4nhh0OaRAV+Yts87kKdq0PP7pXfy6kDkUVs=
github.com/wzshiming/anyproxy v0.4.2 h1:G08bJPJo1fbXD+xZlgvNNXcEWEo+YRGYtdQAe6nvyZ0=
github.com/wzshiming/anyproxy v0.4.2/go.mod h1:vWVvSKRU4rVgfdUcAT14Fpo6t59v1TJyjNNjcPQ41mQ=
github.com/wzshiming/cmux v0.2.2 h1:U6IH96kRFxnnjy3duskHvp237o8cK6gILQYIROE3NI4=
github.com/wzshiming/cmux v0.2.2/go.mod h1:Vgdbl+BdSp0X3zHw3P+XW4sxyorR5y9NiKjRGRRnJdo=
github.com/wzshiming/commandproxy v0.2.0 h1:uPVhgIj2YSncRUo6g9smGR6OMzsIg7lwklcMHPPmEeM=
github.com/wzshiming/commandproxy v0.2.0/go.mod h1:wS6+aJ9KMHciqYX3xmDO0W+QVY0zvngeBvmoIFMfq8A=
github.com/wzshiming/httpproxy v0.3.4 h1:HpDmF0jQv83zMtMSJgd2CA41OlX98yNMJDnHnZPOXKY=
github.com/wzshiming/httpproxy v0.3.4/go.mod h1:drZR+iQLfYsQi7/nETLjyB9Z0f5KDXQo2PEkJBbg3xQ=
github.com/wzshiming/notify v0.1.0 h1:BZND3IfiWkyDseAiaqLb43mTU8vefmmK0gOdnuschPI=
github.com/wzshiming/notify v0.1.0/go.mod h1:SFhsQKZJznzsDcj/Qfo9A65k5IRcpUrpgbLRzZEa/DI=
github.com/wzshiming/schedialer v0.1.1 h1:ozkPD0tiEDTj62SGq/tqyE9IpAmA51d3GCFTTZf0JxE=
github.com/wzshiming/schedialer v0.1.1/go.mod h1:TvVxg4QZIBTJzRfmL/G7g6CzynFQKPmtXtSeJ2c4Lus=
github.com/wzshiming/shadowsocks v0.2.1 h1:DmWJ6mojdAwdNGw5XWk9ooU2YAuE9vZpNNUYUkln+ME=
github.com/wzshiming/shadowsocks v0.2.1/go.mod h1:56WQwfUpgC/HMhZFNOVTBCP9nbMvL5rAepKRIkSKPsg=
github.com/wzshiming/socks4 v0.2.3 h1:H22IqBxSlWkXC6pZIN9y3ftqhc99TObRSjZQHKdtHqc=
github.com/wzshiming/socks4 v0.2.3/go.mod h1:YEPfhjf/4JezwdTmgXZU+UX+A2KvD05quzhsUBVMNA0=
github.com/wzshiming/socks5 v0.2.3 h1:5fj2WKTwe8OmsfC1qjhkEueQUGirQGxk5MSEGt61PYc=
github.com/wzshiming/socks5 v0.2.3/go.mod h1:BvCAqlzocQN5xwLjBZDBbvWlrx8sCYSSbHEOf2wZgT0=
github.com/wzshiming/trie v0.0.1 h1:6xnhRyO5tZWR6aKjEpFfm8KSNNHYsNbpKrY1+NdyHME=
github.com/wzshiming/trie v0.0.1/go.mod h1:Z20IrQFTHnjWz//dssIoiEPWInBZFyuFlPOFPxV0Rec=
github.com/xtaci/smux v1.5.15 h1:6hMiXswcleXj5oNfcJc+DXS8Vj36XX2LaX98udog6Kc=
github.com/xtaci/smux v1.5.15/go.mod h1:OMlQbT5vcgl2gb49mFkYo6SMf+zP3rcjcwQz7ZU7IGY=
golang.org/x/crypto v0.0.0-20190308221718-c2843e01d9a2/go.mod h1:djNgcEr1/C05ACkg1iLfiJU5Ep61QUkGW8qpdssI0+w=
golang.org/x/crypto v0.0.0-20201221181555-eec23a3978ad h1:DN0cp81fZ3njFcrLCytUHRSUkqBjfTo4Tx9RJTWs0EY=
golang.org/x/crypto v0.0.0-20201221181555-eec23a3978ad/go.mod h1:jdWPYTVW3xRLrWPugEBEK3UY2ZEsg3UU495nc5E+M+I=
golang.org/x/net v0.0.0-20190404232315-eb5bcb51f2a3/go.mod h1:t9HGtf8HONx5eT2rtn7q6eTqICYqUVnKs3thJo3Qplg=
golang.org/x/net v0.0.0-20201224014010-6772e930b67b h1:iFwSg7t5GZmB/Q5TjiEAsdoLDrdJRC1RiF2WhuV29Qw=
golang.org/x/net v0.0.0-20201224014010-6772e930b67b/go.mod h1:m0MpNAwzfU5UDzcl9v0D8zg8gWTRqZa9RBIspLL5mdg=
golang.org/x/sync v0.0.0-20210220032951-036812b2e83c h1:5KslGYwFpkhGh+Q16bwMP3cOontH8FOep7tGV86Y7SQ=
golang.org/x/sync v0.0.0-20210220032951-036812b2e83c/go.mod h1:RxMgew5VJxzue5/jJTE5uejpjVlOe/izrB70Jof72aM=
golang.org/x/sys v0.0.0-20190215142949-d0b11bdaac8a/go.mod h1:STP8DvDyc/dI5b8T5hshtkjS+E42TnysNCUPdjciGhY=
golang.org/x/sys v0.0.0-20191026070338-33540a1f6037/go.mod h1:h1NjWce9XRLGQEsW7wpKNCjG9DtNlClVuFLEZdDNbEs=
golang.org/x/sys v0.0.0-20201119102817-f84b799fce68/go.mod h1:h1NjWce9XRLGQEsW7wpKNCjG9DtNlClVuFLEZdDNbEs=
golang.org/x/sys v0.0.0-20210124154548-22da62e12c0c h1:VwygUrnw9jn88c4u8GD3rZQbqrP/tgas88tPUbBxQrk=
golang.org/x/sys v0.0.0-20210124154548-22da62e12c0c/go.mod h1:h1NjWce9XRLGQEsW7wpKNCjG9DtNlClVuFLEZdDNbEs=
golang.org/x/term v0.0.0-20201117132131-f5c789dd3221/go.mod h1:Nr5EML6q2oocZ2LXRh80K7BxOlk5/8JxuGnuhpl+muw=
golang.org/x/term v0.0.0-20201126162022-7de9c90e9dd1 h1:v+OssWQX+hTHEmOBgwxdZxK4zHq3yOs8F9J7mk0PY8E=
golang.org/x/term v0.0.0-20201126162022-7de9c90e9dd1/go.mod h1:bj7SfCRtBDWHUb9snDiAeCFNEtKQo2Wmx5Cou7ajbmo=
golang.org/x/text v0.3.0/go.mod h1:NqM8EUOU14njkJ3fqMW+pc6Ldnwhi/IjpwHt7yyuwOQ=
golang.org/x/text v0.3.3 h1:cokOdA+Jmi5PJGXLlLllQSgYigAEfHXJAERHVMaCc2k=
golang.org/x/text v0.3.3/go.mod h1:5Zoc/QRtKVWzQhOtBMvqHzDpF6irO9z98xDceosuGiQ=
golang.org/x/tools v0.0.0-20180917221912-90fa682c2a6e/go.mod h1:n7NCudcB/nEzxVGmLbDWY5pfWTLqBcC2KZ6jyYvM4mQ=
