github.com/aead/chacha20 v0.0.0-20180709150244-8b13a72661da h1:KjTM2ks9d14ZYCvmHS9iAKVt9AyzRSqNU1qabPih5BY=
github.com/aead/chacha20 v0.0.0-20180709150244-8b13a72661da/go.mod h1:eHEWzANqSiWQsof+nXEI9bUVUyV6F53Fp89EuCh2EAA=
github.com/spf13/pflag v1.0.5 h1:iy+VFUOCP1a+8yFto/drg2CJ5u0yRoB7fZw3DKv/JXA=
github.com/spf13/pflag v1.0.5/go.mod h1:McXfInJRrz4CZXVZOBLb0bTZqETkiAhM9Iw0y3An2Bg=
github.com/wzshiming/cmux v0.1.1 h1:njiTsaiG2Fz1B3n9mpLxCS9vGI4EQWSAlpBO71aRHYU=
github.com/wzshiming/cmux v0.1.1/go.mod h1:B5bzinbIDlFcjtWhdEiEdMWMp41bbd2a7/ghkMuKTUI=
github.com/wzshiming/commandproxy v0.2.0 h1:uPVhgIj2YSncRUo6g9smGR6OMzsIg7lwklcMHPPmEeM=
github.com/wzshiming/commandproxy v0.2.0/go.mod h1:wS6+aJ9KMHciqYX3xmDO0W+QVY0zvngeBvmoIFMfq8A=
github.com/wzshiming/crun v0.3.3 h1:Vy3kp+KKfNnkxM+thmiv6HkSsviupMZEI31HtoVZpeY=
github.com/wzshiming/crun v0.3.3/go.mod h1:iYiD/hU/91oBohiLF/F5nGoLlDsHCnp1FCh8WozXayk=
github.com/wzshiming/httpproxy v0.3.4 h1:HpDmF0jQv83zMtMSJgd2CA41OlX98yNMJDnHnZPOXKY=
github.com/wzshiming/httpproxy v0.3.4/go.mod h1:drZR+iQLfYsQi7/nETLjyB9Z0f5KDXQo2PEkJBbg3xQ=
github.com/wzshiming/notify v0.1.0 h1:BZND3IfiWkyDseAiaqLb43mTU8vefmmK0gOdnuschPI=
github.com/wzshiming/notify v0.1.0/go.mod h1:SFhsQKZJznzsDcj/Qfo9A65k5IRcpUrpgbLRzZEa/DI=
github.com/wzshiming/shadowsocks v0.2.0 h1:x85do3vEmh2/V/sRtaf6CS1shBJX5hQuXsReOeDI/7Y=
github.com/wzshiming/shadowsocks v0.2.0/go.mod h1:56WQwfUpgC/HMhZFNOVTBCP9nbMvL5rAepKRIkSKPsg=
github.com/wzshiming/socks4 v0.2.3 h1:H22IqBxSlWkXC6pZIN9y3ftqhc99TObRSjZQHKdtHqc=
github.com/wzshiming/socks4 v0.2.3/go.mod h1:YEPfhjf/4JezwdTmgXZU+UX+A2KvD05quzhsUBVMNA0=
github.com/wzshiming/socks5 v0.2.3 h1:5fj2WKTwe8OmsfC1qjhkEueQUGirQGxk5MSEGt61PYc=
github.com/wzshiming/socks5 v0.2.3/go.mod h1:BvCAqlzocQN5xwLjBZDBbvWlrx8sCYSSbHEOf2wZgT0=
github.com/wzshiming/trie v0.0.1 h1:6xnhRyO5tZWR6aKjEpFfm8KSNNHYsNbpKrY1+NdyHME=
github.com/wzshiming/trie v0.0.1/go.mod h1:Z20IrQFTHnjWz//dssIoiEPWInBZFyuFlPOFPxV0Rec=
github.com/xtaci/smux v1.5.15 h1:6hMiXswcleXj5oNfcJc+DXS8Vj36XX2LaX98udog6Kc=
github.com/xtaci/smux v1.5.15/go.mod h1:OMlQbT5vcgl2gb49mFkYo6SMf+zP3rcjcwQz7ZU7IGY=
golang.org/x/crypto v0.0.0-20201221181555-eec23a3978ad h1:DN0cp81fZ3njFcrLCytUHRSUkqBjfTo4Tx9RJTWs0EY=
golang.org/x/crypto v0.0.0-20201221181555-eec23a3978ad/go.mod h1:jdWPYTVW3xRLrWPugEBEK3UY2ZEsg3UU495nc5E+M+I=
golang.org/x/net v0.0.0-20201224014010-6772e930b67b h1:iFwSg7t5GZmB/Q5TjiEAsdoLDrdJRC1RiF2WhuV29Qw=
golang.org/x/net v0.0.0-20201224014010-6772e930b67b/go.mod h1:m0MpNAwzfU5UDzcl9v0D8zg8gWTRqZa9RBIspLL5mdg=
golang.org/x/sys v0.0.0-20210105210732-16f7687f5001 h1:/dSxr6gT0FNI1MO5WLJo8mTmItROeOKTkDn+7OwWBos=
golang.org/x/sys v0.0.0-20210105210732-16f7687f5001/go.mod h1:h1NjWce9XRLGQEsW7wpKNCjG9DtNlClVuFLEZdDNbEs=
golang.org/x/term v0.0.0-20201117132131-f5c789dd3221/go.mod h1:Nr5EML6q2oocZ2LXRh80K7BxOlk5/8JxuGnuhpl+muw=
golang.org/x/term v0.0.0-20201126162022-7de9c90e9dd1 h1:v+OssWQX+hTHEmOBgwxdZxK4zHq3yOs8F9J7mk0PY8E=
golang.org/x/term v0.0.0-20201126162022-7de9c90e9dd1/go.mod h1:bj7SfCRtBDWHUb9snDiAeCFNEtKQo2Wmx5Cou7ajbmo=
golang.org/x/text v0.3.3 h1:cokOdA+Jmi5PJGXLlLllQSgYigAEfHXJAERHVMaCc2k=
golang.org/x/text v0.3.3/go.mod h1:5Zoc/QRtKVWzQhOtBMvqHzDpF6irO9z98xDceosuGiQ=
golang.org/x/tools v0.0.0-20180917221912-90fa682c2a6e/go.mod h1:n7NCudcB/nEzxVGmLbDWY5pfWTLqBcC2KZ6jyYvM4mQ=
